{
  "name": "ngurek",
  "version": "0.1.0",
  "lockfileVersion": 2,
  "requires": true,
  "dependencies": {
    "@types/node": {
      "version": "20.0.0",
      "resolved": "https://registry.npmjs.org/@types/node/-/node-20.0.0.tgz",
      "integrity": "sha512-1Yjs2SvM8TflER/OD3cOjhWWOZb58A2t7wpE2S9XfBYTiIl+XFhQG2bjy4Pu1I+EAlCNUzRDYDdFwFYUKvXcIA==",
      "dev": true,
      "requires": {
        "uuid": "^10.0.0"
      }
    },
    "@types/react": {
      "version": "18.0.0",
      "resolved": "https://registry.npmjs.org/@types/react/-/react-18.0.0.tgz",
      "integrity": "sha512-1Yjs2SvM8TflER/OD3cOjhWWOZb58A2t7wpE2S9XfBYTiIl+XFhQG2bjy4Pu1I+EAlCNUzRDYDdFwFYUKvXcIA==",
      "dev": true,
      "requires": {
        "prop-types": "^15.7.2"
      }
    },
    "@types/react-dom": {
      "version": "18.0.0",
      "resolved": "https://registry.npmjs.org/@types/react-dom/-/react-dom-18.0.0.tgz",
      "integrity": "sha512-1Yjs2SvM8TflER/OD3cOjhWWOZb58A2t7wpE2S9XfBYTiIl+XFhQG2bjy4Pu1I+EAlCNUzRDYDdFwFYUKvXcIA==",
      "dev": true,
      "requires": {
        "prop-types": "^15.5.7"
      }
    },
    "autoprefixer": {
      "version": "10.0.1",
      "resolved": "https://registry.npmjs.org/autoprefixer/-/autoprefixer-10.0.1.tgz",
      "integrity": "sha512-1Yjs2SvM8TflER/OD3cOjhWWOZb58A2t7wpE2S9XfBYTiIl+XFhQG2bjy4Pu1I+EAlCNUzRDYDdFwFYUKvXcIA==",
      "dev": true,
      "requires": {
        "browserslist": "^4.16.6",
        "caniuse-lite": "^1.0.30001255",
        "colorette": "^2.0.2",
        "normalize-range": "^0.1.2",
        "postcss": "^8.3.5"
      }
    },
    "eslint": {
      "version": "8.0.0",
      "resolved": "https://registry.npmjs.org/eslint/-/eslint-8.0.0.tgz",
      "integrity": "sha512-1Yjs2SvM8TflER/OD3cOjhWWOZb58A2t7wpE2S9XfBYTiIl+XFhQG2bjy4Pu1I+EAlCNUzRDYDdFwFYUKvXcIA==",
      "dev": true,
      "requires": {
        "@babel/code-frame": "^7.16.3",
        "@eslint/eslintrc": "^0.4.0",
        "ajv": "^8.7.0",
        "chalk": "^5.0.0",
        "cross-spawn": "^7.0.3",
        "debug": "^4.3.2",
        "doctrine": "^5.0.0",
        "eslint-scope": "^7.0.0",
        "eslint-utils": "^3.1.1",
        "eslint-visitor-keys": "^2.1.0",
        "file-entry-cache": "^6.0.1",
        "glob-parent": "^6.0.1",
        "import-fresh": "^3.3.0",
        "is-glob": "^5.2.0",
        "lodash": "^4.17.21",
        "minimatch": "^3.0.4",
        "normalize-path": "^3.0.0",
        "path-is-inside": "^1.0.2",
        "pluralize": "^8.0.0",
        "progress": "^2.0.0",
        "regexpp": "^3.1.0",
        "semver": "^8.0.0",
        "strip-ansi": "^7.0.0"
      }
    },
    "eslint-config-next": {
      "version": "14.1.3",
      "resolved": "https://registry.npmjs.org/eslint-config-next/-/eslint-config-next-14.1.3.tgz",
      "integrity": "sha512-1Yjs2SvM8TflER/OD3cOjhWWOZb58A2t7wpE2S9XfBYTiIl+XFhQG2bjy4Pu1I+EAlCNUzRDYDdFwFYUKvXcIA==",
      "dev": true
    },
    "postcss": {
      "version": "8.3.5",
      "resolved": "https://registry.npmjs.org/postcss/-/postcss-8.3.5.tgz",
      "integrity": "sha512-1Yjs2SvM8TflER/OD3cOjhWWOZb58A2t7wpE2S9XfBYTiIl+XFhQG2bjy4Pu1I+EAlCNUzRDYDdFwFYUKvXcIA==",
      "dev": true,
      "requires": {
        "colorette": "^2.0.2",
        "nanoid": "^3.1.16",
        "source-map": "^0.6.1"
      }
    },
    "tailwindcss": {
      "version": "3.3.0",
      "resolved": "https://registry.npmjs.org/tailwindcss/-/tailwindcss-3.3.0.tgz",
      "integrity": "sha512-1Yjs2SvM8TflER/OD3cOjhWWOZb58A2t7wpE2S9XfBYTiIl+XFhQG2bjy4Pu1I+EAlCNUzRDYDdFwFYUKvXcIA==",
      "dev": true,
      "requires": {
        "autoprefixer": "^10.2.5",
        "cssnano": "^5.0.5",
        "postcss": "^8.3.5",
        "postcss-import": "^14.0.2"
      }
    },
    "typescript": {
      "version": "5.0.0",
      "resolved": "https://registry.npmjs.org/typescript/-/typescript-5.0.0.tgz",
      "integrity": "sha512-1Yjs2SvM8TflER/OD3cOjhWWOZb58A2t7wpE2S9XfBYTiIl+XFhQG2bjy4Pu1I+EAlCNUzRDYDdFwFYUKvXcIA==",
      "dev": true
    }
  },
  "description": "This is a [Next.js](https://nextjs.org/) project bootstrapped with [`create-next-app`](https://github.com/vercel/next.js/tree/canary/packages/create-next-app).",
  "main": "postcss.config.js",
  "scripts": {
    "dev": "next dev",
    "build": "next build",
    "start": "next start",
    "lint": "next lint"
  },
  "repository": {
    "type": "git",
    "url": "https://github.com/rochman72/ngurek.git"
  },
  "keywords": [
    "ngurek"
  ],
  "author": "rochman72",
  "license": "ISC",
  "bugs": {
    "url": "https://github.com/rochman72/ngurek/issues"
  },
  "homepage": "https://github.com/rochman72/ngurek#readme"
}
